github.com/aws/aws-lambda-go v1.10.0 h1:uafgdfYGQD0UeT7d2uKdyWW8j/ZYRifRPIdmeqLzLCk=
github.com/aws/aws-lambda-go v1.10.0/go.mod h1:zUsUQhAUjYzR8AuduJPCfhBuKWUaDbQiPOG+ouzmE1A=
github.com/aws/aws-sdk-go v1.19.17 h1:m2YqPyQrvx8f4ExpcVGb2PVAchxTkTU2KtKqXvsEqJ4=
github.com/aws/aws-sdk-go v1.19.17/go.mod h1:KmX6BPdI08NWTb3/sm4ZGu5ShLoqVDhKgpiN924inxo=
github.com/jmespath/go-jmespath v0.0.0-20180206201540-c2b33e8439af h1:pmfjZENx5imkbgOkpRUYLnmbU7UEFbjtDA2hxJ1ichM=
github.com/jmespath/go-jmespath v0.0.0-20180206201540-c2b33e8439af/go.mod h1:Nht3zPeWKUH0NzdCt2Blrr5ys8VGpn0CEB0cQHVjt7k=
github.com/jszwedko/go-circleci v0.2.0 h1:ytpLKtpjQn2wq+/IArlBvqfb1CgbwA2UiBGXCwWqNw4=
github.com/jszwedko/go-circleci v0.2.0/go.mod h1:z1630OiB7oGxZwE90het04Ld7rIu0AKvY9JCRnaBdoE=
